# THIS IS AN AUTOGENERATED FILE. DO NOT EDIT THIS FILE DIRECTLY.
# yarn lockfile v1


husky@^8.0.1:
  version "8.0.3"
  resolved "https://registry.yarnpkg.com/husky/-/husky-8.0.3.tgz#4936d7212e46d1dea28fef29bb3a108872cd9184"
  integrity sha512-+dQSyqPh4x1hlO1swXBiNb2HzTDN1I2IGLQx1GrBuiqFJfoMrnZWwVmatvSiO+Iz8fBUnf+lekwNo4c2LlXItg==

prettier@^2.7.1:
  version "2.8.7"
  resolved "https://registry.yarnpkg.com/prettier/-/prettier-2.8.7.tgz#bb79fc8729308549d28fe3a98fce73d2c0656450"
  integrity sha512-yPngTo3aXUUmyuTjeTUT75txrf+aMh9FiD7q9ZE/i6r0bPb22g4FsE6Y338PQX1bmfy08i9QQCB7/rcUAVntfw==

turbo-darwin-64@1.8.8:
  version "1.8.8"
  resolved "https://registry.yarnpkg.com/turbo-darwin-64/-/turbo-darwin-64-1.8.8.tgz#f72b1b6275415b17238f450032c8ef5e5fc71777"
  integrity sha512-18cSeIm7aeEvIxGyq7PVoFyEnPpWDM/0CpZvXKHpQ6qMTkfNt517qVqUTAwsIYqNS8xazcKAqkNbvU1V49n65Q==

turbo-darwin-arm64@1.8.8:
  version "1.8.8"
  resolved "https://registry.yarnpkg.com/turbo-darwin-arm64/-/turbo-darwin-arm64-1.8.8.tgz#8ec78848e0d5978fd732b3588a1b406fdb978839"
  integrity sha512-ruGRI9nHxojIGLQv1TPgN7ud4HO4V8mFBwSgO6oDoZTNuk5ybWybItGR+yu6fni5vJoyMHXOYA2srnxvOc7hjQ==

turbo-linux-64@1.8.8:
  version "1.8.8"
  resolved "https://registry.yarnpkg.com/turbo-linux-64/-/turbo-linux-64-1.8.8.tgz#b1f707b23bc6e22b2894dd8063fc2fa4dbb6ffb9"
  integrity sha512-N/GkHTHeIQogXB1/6ZWfxHx+ubYeb8Jlq3b/3jnU4zLucpZzTQ8XkXIAfJG/TL3Q7ON7xQ8yGOyGLhHL7MpFRg==

turbo-linux-arm64@1.8.8:
  version "1.8.8"
  resolved "https://registry.yarnpkg.com/turbo-linux-arm64/-/turbo-linux-arm64-1.8.8.tgz#34575bdffd2af8c835d9ba3dd9e3a83e0d31dac9"
  integrity sha512-hKqLbBHgUkYf2Ww8uBL9UYdBFQ5677a7QXdsFhONXoACbDUPvpK4BKlz3NN7G4NZ+g9dGju+OJJjQP0VXRHb5w==

turbo-windows-64@1.8.8:
  version "1.8.8"
  resolved "https://registry.yarnpkg.com/turbo-windows-64/-/turbo-windows-64-1.8.8.tgz#73f67969d54269c95cbf7f082e22c20368aedddc"
  integrity sha512-2ndjDJyzkNslXxLt+PQuU21AHJWc8f6MnLypXy3KsN4EyX/uKKGZS0QJWz27PeHg0JS75PVvhfFV+L9t9i+Yyg==

turbo-windows-arm64@1.8.8:
  version "1.8.8"
  resolved "https://registry.yarnpkg.com/turbo-windows-arm64/-/turbo-windows-arm64-1.8.8.tgz#c80b9a170adf6ee028e9dcae45b07755af83f3f2"
  integrity sha512-xCA3oxgmW9OMqpI34AAmKfOVsfDljhD5YBwgs0ZDsn5h3kCHhC4x9W5dDk1oyQ4F5EXSH3xVym5/xl1J6WRpUg==

turbo@^1.4.6:
  version "1.8.8"
  resolved "https://registry.yarnpkg.com/turbo/-/turbo-1.8.8.tgz#8bb331e3f0bd9656b20321339e91e899ad499012"
  integrity sha512-qYJ5NjoTX+591/x09KgsDOPVDUJfU9GoS+6jszQQlLp1AHrf1wRFA3Yps8U+/HTG03q0M4qouOfOLtRQP4QypA==
  optionalDependencies:
    turbo-darwin-64 "1.8.8"
    turbo-darwin-arm64 "1.8.8"
    turbo-linux-64 "1.8.8"
    turbo-linux-arm64 "1.8.8"
    turbo-windows-64 "1.8.8"
    turbo-windows-arm64 "1.8.8"
